
Microsoft Visual Studio Solution File, Format Version 12.00
# Visual Studio 15
VisualStudioVersion = 15.0.27130.2027
MinimumVisualStudioVersion = 10.0.40219.1
Project("{FAE04EC0-301F-11D3-BF4B-00C04F79EFBC}") = "PresentationLayer", "QuanLySinhVien_3Lop\PresentationLayer.csproj", "{21C66A51-6F55-4AE1-B56C-48BE18A212A9}"
EndProject
Project("{FAE04EC0-301F-11D3-BF4B-00C04F79EFBC}") = "DataAccessLayer", "DataAccessLayer\DataAccessLayer.csproj", "{17405ABF-0574-4659-B022-077A048E60C4}"
EndProject
Project("{FAE04EC0-301F-11D3-BF4B-00C04F79EFBC}") = "BussinessLogicLayer", "BussinessLogicLayer\BussinessLogicLayer.csproj", "{E566BF70-3E2F-43A7-9B06-6BACE363811D}"
EndProject
Global
	GlobalSection(SolutionConfigurationPlatforms) = preSolution
		Debug|Any CPU = Debug|Any CPU
		Release|Any CPU = Release|Any CPU
	EndGlobalSection
	GlobalSection(ProjectConfigurationPlatforms) = postSolution
		{21C66A51-6F55-4AE1-B56C-48BE18A212A9}.Debug|Any CPU.ActiveCfg = Debug|Any CPU
		{21C66A51-6F55-4AE1-B56C-48BE18A212A9}.Debug|Any CPU.Build.0 = Debug|Any CPU
		{21C66A51-6F55-4AE1-B56C-48BE18A212A9}.Release|Any CPU.ActiveCfg = Release|Any CPU
		{21C66A51-6F55-4AE1-B56C-48BE18A212A9}.Release|Any CPU.Build.0 = Release|Any CPU
		{17405ABF-0574-4659-B022-077A048E60C4}.Debug|Any CPU.ActiveCfg = Debug|Any CPU
		{17405ABF-0574-4659-B022-077A048E60C4}.Debug|Any CPU.Build.0 = Debug|Any CPU
		{17405ABF-0574-4659-B022-077A048E60C4}.Release|Any CPU.ActiveCfg = Release|Any CPU
		{17405ABF-0574-4659-B022-077A048E60C4}.Release|Any CPU.Build.0 = Release|Any CPU
		{E566BF70-3E2F-43A7-9B06-6BACE363811D}.Debug|Any CPU.ActiveCfg = Debug|Any CPU
		{E566BF70-3E2F-43A7-9B06-6BACE363811D}.Debug|Any CPU.Build.0 = Debug|Any CPU
		{E566BF70-3E2F-43A7-9B06-6BACE363811D}.Release|Any CPU.ActiveCfg = Release|Any CPU
		{E566BF70-3E2F-43A7-9B06-6BACE363811D}.Release|Any CPU.Build.0 = Release|Any CPU
	EndGlobalSection
	GlobalSection(SolutionProperties) = preSolution
		HideSolutionNode = FALSE
	EndGlobalSection
	GlobalSection(ExtensibilityGlobals) = postSolution
		SolutionGuid = {3A94C31D-FDCA-40FF-84F1-91292F048335}
	EndGlobalSection
EndGlobal
